
Microsoft Visual Studio Solution File, Format Version 12.00
# Visual Studio Version 17
VisualStudioVersion = 17.10.34707.107
MinimumVisualStudioVersion = 10.0.40219.1
Project("{2150E333-8FDC-42A3-9474-1A3956D46DE8}") = "CreatingFirstUnitTest", "CreatingFirstUnitTest", "{CC94443D-6C6D-4EAC-B9FA-34ADFEFA6A8A}"
EndProject
Project("{FAE04EC0-301F-11D3-BF4B-00C04F79EFBC}") = "Helpers.Tests", "CreatingFirstUnitTest\Helpers.Tests\Helpers.Tests.csproj", "{E1C8FDDD-CB0E-4463-B25B-04CF282ED57D}"
EndProject
Project("{FAE04EC0-301F-11D3-BF4B-00C04F79EFBC}") = "Helpers", "CreatingFirstUnitTest\Helpers\Helpers.csproj", "{E40840A1-9714-4315-A5D7-F21CF66ABD2F}"
EndProject
Project("{2150E333-8FDC-42A3-9474-1A3956D46DE8}") = "TestLevel", "TestLevel", "{CA567670-25A1-4CDD-95B9-4735CF76F3C4}"
EndProject
Project("{FAE04EC0-301F-11D3-BF4B-00C04F79EFBC}") = "ShoppingCart.Tests", "TestLevel\ShoppingCart.Tests\ShoppingCart.Tests.csproj", "{F3D99EC2-F207-4720-82A0-5FC0F0EF8F62}"
EndProject
Project("{FAE04EC0-301F-11D3-BF4B-00C04F79EFBC}") = "ShoppingCart", "TestLevel\ShoppingCart\ShoppingCart.csproj", "{4CCF6068-837B-4AA6-B5AF-4D7B02E336B1}"
EndProject
Project("{2150E333-8FDC-42A3-9474-1A3956D46DE8}") = "ClassLevel", "ClassLevel", "{A1781D6F-2306-4F2F-B28A-FC1988DFF3BA}"
EndProject
Project("{FAE04EC0-301F-11D3-BF4B-00C04F79EFBC}") = "ShoppingCart", "ClassLevel\ShoppingCart\ShoppingCart.csproj", "{6E5F5F8C-85BC-45DD-9930-B5787514BBFE}"
EndProject
Project("{FAE04EC0-301F-11D3-BF4B-00C04F79EFBC}") = "ShoppingCart.Tests", "ClassLevel\ShoppingCart.Tests\ShoppingCart.Tests.csproj", "{D7FF8200-770E-49C3-89F0-8C4354FAC006}"
EndProject
Project("{2150E333-8FDC-42A3-9474-1A3956D46DE8}") = "AssemblyLevel", "AssemblyLevel", "{55434221-0342-48EC-88C3-C387D87CD151}"
EndProject
Project("{FAE04EC0-301F-11D3-BF4B-00C04F79EFBC}") = "AssemblyLevel", "AssemblyLevel\AssemblyLevel\AssemblyLevel.csproj", "{5EBB0BB2-2448-49F3-9010-84945AD8F091}"
EndProject
Global
	GlobalSection(SolutionConfigurationPlatforms) = preSolution
		Debug|Any CPU = Debug|Any CPU
		Release|Any CPU = Release|Any CPU
	EndGlobalSection
	GlobalSection(ProjectConfigurationPlatforms) = postSolution
		{E1C8FDDD-CB0E-4463-B25B-04CF282ED57D}.Debug|Any CPU.ActiveCfg = Debug|Any CPU
		{E1C8FDDD-CB0E-4463-B25B-04CF282ED57D}.Debug|Any CPU.Build.0 = Debug|Any CPU
		{E1C8FDDD-CB0E-4463-B25B-04CF282ED57D}.Release|Any CPU.ActiveCfg = Release|Any CPU
		{E1C8FDDD-CB0E-4463-B25B-04CF282ED57D}.Release|Any CPU.Build.0 = Release|Any CPU
		{E40840A1-9714-4315-A5D7-F21CF66ABD2F}.Debug|Any CPU.ActiveCfg = Debug|Any CPU
		{E40840A1-9714-4315-A5D7-F21CF66ABD2F}.Debug|Any CPU.Build.0 = Debug|Any CPU
		{E40840A1-9714-4315-A5D7-F21CF66ABD2F}.Release|Any CPU.ActiveCfg = Release|Any CPU
		{E40840A1-9714-4315-A5D7-F21CF66ABD2F}.Release|Any CPU.Build.0 = Release|Any CPU
		{F3D99EC2-F207-4720-82A0-5FC0F0EF8F62}.Debug|Any CPU.ActiveCfg = Debug|Any CPU
		{F3D99EC2-F207-4720-82A0-5FC0F0EF8F62}.Debug|Any CPU.Build.0 = Debug|Any CPU
		{F3D99EC2-F207-4720-82A0-5FC0F0EF8F62}.Release|Any CPU.ActiveCfg = Release|Any CPU
		{F3D99EC2-F207-4720-82A0-5FC0F0EF8F62}.Release|Any CPU.Build.0 = Release|Any CPU
		{4CCF6068-837B-4AA6-B5AF-4D7B02E336B1}.Debug|Any CPU.ActiveCfg = Debug|Any CPU
		{4CCF6068-837B-4AA6-B5AF-4D7B02E336B1}.Debug|Any CPU.Build.0 = Debug|Any CPU
		{4CCF6068-837B-4AA6-B5AF-4D7B02E336B1}.Release|Any CPU.ActiveCfg = Release|Any CPU
		{4CCF6068-837B-4AA6-B5AF-4D7B02E336B1}.Release|Any CPU.Build.0 = Release|Any CPU
		{6E5F5F8C-85BC-45DD-9930-B5787514BBFE}.Debug|Any CPU.ActiveCfg = Debug|Any CPU
		{6E5F5F8C-85BC-45DD-9930-B5787514BBFE}.Debug|Any CPU.Build.0 = Debug|Any CPU
		{6E5F5F8C-85BC-45DD-9930-B5787514BBFE}.Release|Any CPU.ActiveCfg = Release|Any CPU
		{6E5F5F8C-85BC-45DD-9930-B5787514BBFE}.Release|Any CPU.Build.0 = Release|Any CPU
		{D7FF8200-770E-49C3-89F0-8C4354FAC006}.Debug|Any CPU.ActiveCfg = Debug|Any CPU
		{D7FF8200-770E-49C3-89F0-8C4354FAC006}.Debug|Any CPU.Build.0 = Debug|Any CPU
		{D7FF8200-770E-49C3-89F0-8C4354FAC006}.Release|Any CPU.ActiveCfg = Release|Any CPU
		{D7FF8200-770E-49C3-89F0-8C4354FAC006}.Release|Any CPU.Build.0 = Release|Any CPU
		{5EBB0BB2-2448-49F3-9010-84945AD8F091}.Debug|Any CPU.ActiveCfg = Debug|Any CPU
		{5EBB0BB2-2448-49F3-9010-84945AD8F091}.Debug|Any CPU.Build.0 = Debug|Any CPU
		{5EBB0BB2-2448-49F3-9010-84945AD8F091}.Release|Any CPU.ActiveCfg = Release|Any CPU
		{5EBB0BB2-2448-49F3-9010-84945AD8F091}.Release|Any CPU.Build.0 = Release|Any CPU
	EndGlobalSection
	GlobalSection(SolutionProperties) = preSolution
		HideSolutionNode = FALSE
	EndGlobalSection
	GlobalSection(NestedProjects) = preSolution
		{E1C8FDDD-CB0E-4463-B25B-04CF282ED57D} = {CC94443D-6C6D-4EAC-B9FA-34ADFEFA6A8A}
		{E40840A1-9714-4315-A5D7-F21CF66ABD2F} = {CC94443D-6C6D-4EAC-B9FA-34ADFEFA6A8A}
		{F3D99EC2-F207-4720-82A0-5FC0F0EF8F62} = {CA567670-25A1-4CDD-95B9-4735CF76F3C4}
		{4CCF6068-837B-4AA6-B5AF-4D7B02E336B1} = {CA567670-25A1-4CDD-95B9-4735CF76F3C4}
		{6E5F5F8C-85BC-45DD-9930-B5787514BBFE} = {A1781D6F-2306-4F2F-B28A-FC1988DFF3BA}
		{D7FF8200-770E-49C3-89F0-8C4354FAC006} = {A1781D6F-2306-4F2F-B28A-FC1988DFF3BA}
		{5EBB0BB2-2448-49F3-9010-84945AD8F091} = {55434221-0342-48EC-88C3-C387D87CD151}
	EndGlobalSection
	GlobalSection(ExtensibilityGlobals) = postSolution
		SolutionGuid = {92677A2B-61B5-47F5-B848-5C8C7D8C0D04}
	EndGlobalSection
EndGlobal
